
Microsoft Visual Studio Solution File, Format Version 12.00
# Visual Studio Version 17
VisualStudioVersion = 17.3.32819.101
MinimumVisualStudioVersion = 10.0.40219.1
Project("{FAE04EC0-301F-11D3-BF4B-00C04F79EFBC}") = "HiLo", "HiLo.csproj", "{1A7E214B-9E78-434C-A8F2-B1DC66392005}"
EndProject
Global
	GlobalSection(SolutionConfigurationPlatforms) = preSolution
		Debug|Any CPU = Debug|Any CPU
		Release|Any CPU = Release|Any CPU
	EndGlobalSection
	GlobalSection(ProjectConfigurationPlatforms) = postSolution
		{1A7E214B-9E78-434C-A8F2-B1DC66392005}.Debug|Any CPU.ActiveCfg = Debug|Any CPU
		{1A7E214B-9E78-434C-A8F2-B1DC66392005}.Debug|Any CPU.Build.0 = Debug|Any CPU
		{1A7E214B-9E78-434C-A8F2-B1DC66392005}.Release|Any CPU.ActiveCfg = Release|Any CPU
		{1A7E214B-9E78-434C-A8F2-B1DC66392005}.Release|Any CPU.Build.0 = Release|Any CPU
	EndGlobalSection
	GlobalSection(SolutionProperties) = preSolution
		HideSolutionNode = FALSE
	EndGlobalSection
	GlobalSection(ExtensibilityGlobals) = postSolution
		SolutionGuid = {AE20F993-6B30-4532-AC95-20F048716F7B}
	EndGlobalSection
EndGlobal
